
Microsoft Visual Studio Solution File, Format Version 12.00
# Visual Studio Version 16
VisualStudioVersion = 16.0.33214.272
MinimumVisualStudioVersion = 10.0.40219.1
Project("{FAE04EC0-301F-11D3-BF4B-00C04F79EFBC}") = "BookStoreApp", "BookStoreApp\BookStoreApp.csproj", "{BEB06C0B-20D7-4180-A746-7800A133DBD9}"
EndProject
Global
	GlobalSection(SolutionConfigurationPlatforms) = preSolution
		Debug|Any CPU = Debug|Any CPU
		Release|Any CPU = Release|Any CPU
	EndGlobalSection
	GlobalSection(ProjectConfigurationPlatforms) = postSolution
		{BEB06C0B-20D7-4180-A746-7800A133DBD9}.Debug|Any CPU.ActiveCfg = Debug|Any CPU
		{BEB06C0B-20D7-4180-A746-7800A133DBD9}.Debug|Any CPU.Build.0 = Debug|Any CPU
		{BEB06C0B-20D7-4180-A746-7800A133DBD9}.Release|Any CPU.ActiveCfg = Release|Any CPU
		{BEB06C0B-20D7-4180-A746-7800A133DBD9}.Release|Any CPU.Build.0 = Release|Any CPU
	EndGlobalSection
	GlobalSection(SolutionProperties) = preSolution
		HideSolutionNode = FALSE
	EndGlobalSection
	GlobalSection(ExtensibilityGlobals) = postSolution
		SolutionGuid = {C78EF204-0DCB-4037-A1EC-2E24AC77617C}
	EndGlobalSection
EndGlobal
